
Microsoft Visual Studio Solution File, Format Version 12.00
# Visual Studio Version 17
VisualStudioVersion = 17.0.31919.166
MinimumVisualStudioVersion = 10.0.40219.1
Project("{9A19103F-16F7-4668-BE54-9A1E7A4F7556}") = "SFA.DAS.ApprenticeAccounts.Jobs", "SFA.DAS.ApprenticeAccounts.Jobs\SFA.DAS.ApprenticeAccounts.Jobs.csproj", "{A543E49B-30A5-4D97-9F43-4F5154D7A70D}"
EndProject
Project("{9A19103F-16F7-4668-BE54-9A1E7A4F7556}") = "SFA.DAS.ApprenticeAccounts.Jobs.Tests", "SFA.DAS.ApprenticeAccounts.Jobs.Tests\SFA.DAS.ApprenticeAccounts.Jobs.Tests.csproj", "{00A299C4-70A8-4EA2-B329-A4D53DFC7BF7}"
EndProject
Global
	GlobalSection(SolutionConfigurationPlatforms) = preSolution
		Debug|Any CPU = Debug|Any CPU
		Release|Any CPU = Release|Any CPU
	EndGlobalSection
	GlobalSection(ProjectConfigurationPlatforms) = postSolution
		{A543E49B-30A5-4D97-9F43-4F5154D7A70D}.Debug|Any CPU.ActiveCfg = Debug|Any CPU
		{A543E49B-30A5-4D97-9F43-4F5154D7A70D}.Debug|Any CPU.Build.0 = Debug|Any CPU
		{A543E49B-30A5-4D97-9F43-4F5154D7A70D}.Release|Any CPU.ActiveCfg = Release|Any CPU
		{A543E49B-30A5-4D97-9F43-4F5154D7A70D}.Release|Any CPU.Build.0 = Release|Any CPU
		{00A299C4-70A8-4EA2-B329-A4D53DFC7BF7}.Debug|Any CPU.ActiveCfg = Debug|Any CPU
		{00A299C4-70A8-4EA2-B329-A4D53DFC7BF7}.Debug|Any CPU.Build.0 = Debug|Any CPU
		{00A299C4-70A8-4EA2-B329-A4D53DFC7BF7}.Release|Any CPU.ActiveCfg = Release|Any CPU
		{00A299C4-70A8-4EA2-B329-A4D53DFC7BF7}.Release|Any CPU.Build.0 = Release|Any CPU
	EndGlobalSection
	GlobalSection(SolutionProperties) = preSolution
		HideSolutionNode = FALSE
	EndGlobalSection
	GlobalSection(ExtensibilityGlobals) = postSolution
		SolutionGuid = {C58FDD64-0EDA-4BB2-93FB-54794212A672}
	EndGlobalSection
EndGlobal
